Microsoft Visual Studio Solution File, Format Version 12.00
# Visual Studio Version 17
VisualStudioVersion = 17.0.33829.131
MinimumVisualStudioVersion = 10.0.40219.1
Project("{FAE04EC0-301F-11D3-BF4B-00C04F79EFBC}") = "TinyUrl.Core", "src\TinyUrl.Core\TinyUrl.Core.csproj", "{8D1A3C3D-6B8C-4F3D-B2DA-74F913B2F2A1}"
EndProject
Project("{FAE04EC0-301F-11D3-BF4B-00C04F79EFBC}") = "TinyUrl.Console", "src\TinyUrl.Console\TinyUrl.Console.csproj", "{8D1A3C3D-6B8C-4F3D-B2DA-74F913B2F2A2}"
EndProject
Project("{FAE04EC0-301F-11D3-BF4B-00C04F79EFBC}") = "TinyUrl.Tests", "test\TinyUrl.Tests\TinyUrl.Tests.csproj", "{8D1A3C3D-6B8C-4F3D-B2DA-74F913B2F2A3}"
EndProject
Global
	GlobalSection(SolutionConfigurationPlatforms) = preSolution
		Debug|Any CPU = Debug|Any CPU
		Release|Any CPU = Release|Any CPU
	EndGlobalSection
	GlobalSection(ProjectConfigurationPlatforms) = postSolution
		{8D1A3C3D-6B8C-4F3D-B2DA-74F913B2F2A1}.Debug|Any CPU.ActiveCfg = Debug|Any CPU
		{8D1A3C3D-6B8C-4F3D-B2DA-74F913B2F2A1}.Debug|Any CPU.Build.0 = Debug|Any CPU
		{8D1A3C3D-6B8C-4F3D-B2DA-74F913B2F2A1}.Release|Any CPU.ActiveCfg = Release|Any CPU
		{8D1A3C3D-6B8C-4F3D-B2DA-74F913B2F2A1}.Release|Any CPU.Build.0 = Release|Any CPU
		{8D1A3C3D-6B8C-4F3D-B2DA-74F913B2F2A2}.Debug|Any CPU.ActiveCfg = Debug|Any CPU
		{8D1A3C3D-6B8C-4F3D-B2DA-74F913B2F2A2}.Debug|Any CPU.Build.0 = Debug|Any CPU
		{8D1A3C3D-6B8C-4F3D-B2DA-74F913B2F2A2}.Release|Any CPU.ActiveCfg = Release|Any CPU
		{8D1A3C3D-6B8C-4F3D-B2DA-74F913B2F2A2}.Release|Any CPU.Build.0 = Release|Any CPU
		{8D1A3C3D-6B8C-4F3D-B2DA-74F913B2F2A3}.Debug|Any CPU.ActiveCfg = Debug|Any CPU
		{8D1A3C3D-6B8C-4F3D-B2DA-74F913B2F2A3}.Debug|Any CPU.Build.0 = Debug|Any CPU
		{8D1A3C3D-6B8C-4F3D-B2DA-74F913B2F2A3}.Release|Any CPU.ActiveCfg = Release|Any CPU
		{8D1A3C3D-6B8C-4F3D-B2DA-74F913B2F2A3}.Release|Any CPU.Build.0 = Release|Any CPU
	EndGlobalSection
	GlobalSection(SolutionProperties) = preSolution
		HideSolutionNode = FALSE
	EndGlobalSection
EndGlobal
